
Microsoft Visual Studio Solution File, Format Version 12.00
# Visual Studio Version 17
VisualStudioVersion = 17.11.35222.181
MinimumVisualStudioVersion = 10.0.40219.1
Project("{FAE04EC0-301F-11D3-BF4B-00C04F79EFBC}") = "CT288Book", "CT288Book\CT288Book.csproj", "{0DEE44E5-98BA-46B6-A664-D1E58323A55A}"
EndProject
Global
	GlobalSection(SolutionConfigurationPlatforms) = preSolution
		Debug|Any CPU = Debug|Any CPU
		Release|Any CPU = Release|Any CPU
	EndGlobalSection
	GlobalSection(ProjectConfigurationPlatforms) = postSolution
		{0DEE44E5-98BA-46B6-A664-D1E58323A55A}.Debug|Any CPU.ActiveCfg = Debug|Any CPU
		{0DEE44E5-98BA-46B6-A664-D1E58323A55A}.Debug|Any CPU.Build.0 = Debug|Any CPU
		{0DEE44E5-98BA-46B6-A664-D1E58323A55A}.Release|Any CPU.ActiveCfg = Release|Any CPU
		{0DEE44E5-98BA-46B6-A664-D1E58323A55A}.Release|Any CPU.Build.0 = Release|Any CPU
	EndGlobalSection
	GlobalSection(SolutionProperties) = preSolution
		HideSolutionNode = FALSE
	EndGlobalSection
	GlobalSection(ExtensibilityGlobals) = postSolution
		SolutionGuid = {470C7383-38D3-408E-8282-DE93579D9B72}
	EndGlobalSection
EndGlobal
